
Microsoft Visual Studio Solution File, Format Version 12.00
# Visual Studio Version 16
VisualStudioVersion = 16.0.29411.108
MinimumVisualStudioVersion = 10.0.40219.1
Project("{FAE04EC0-301F-11D3-BF4B-00C04F79EFBC}") = "PXin.DB", "PXin.DB\PXin.DB.csproj", "{2A5EC8DB-B5B8-4E35-A9A1-6BD7CA7ABF65}"
EndProject
Project("{FAE04EC0-301F-11D3-BF4B-00C04F79EFBC}") = "PXin.Facade", "PXin.Facade\PXin.Facade.csproj", "{8A0AFBEF-4E60-427E-9852-305AF71DD598}"
EndProject
Project("{FAE04EC0-301F-11D3-BF4B-00C04F79EFBC}") = "PXin.Model", "PXin.Model\PXin.Model.csproj", "{1AD43322-F3AC-4281-BAF9-995F911C8C31}"
EndProject
Project("{FAE04EC0-301F-11D3-BF4B-00C04F79EFBC}") = "RongCloudServerSDK", "RongCloudServerSDK\RongCloudServerSDK.csproj", "{E9A5242E-1DA9-4B52-8299-E15F51D6ADFC}"
EndProject
Project("{FAE04EC0-301F-11D3-BF4B-00C04F79EFBC}") = "PxinSpeedDemo", "PxinSpeedDemo\PxinSpeedDemo.csproj", "{E3346BD5-F4EF-41BE-9EF5-6175D9845511}"
EndProject
Project("{FAE04EC0-301F-11D3-BF4B-00C04F79EFBC}") = "PXin.Web", "PXin.Web\PXin.Web.csproj", "{795AA888-4DC1-4FE8-B881-4BA1D4F8852C}"
EndProject
Project("{2150E333-8FDC-42A3-9474-1A3956D46DE8}") = "PXin.Server", "PXin.Server", "{348A4512-E5AB-4D48-BA62-1827A090CAD2}"
EndProject
Project("{FAE04EC0-301F-11D3-BF4B-00C04F79EFBC}") = "PXin.Commu", "PXin.Commu\PXin.Commu.csproj", "{3F66AE4C-7A0B-4634-B087-616C98908836}"
EndProject
Project("{FAE04EC0-301F-11D3-BF4B-00C04F79EFBC}") = "PXin.Protocal", "PXin.Protocal\PXin.Protocal.csproj", "{988823D2-A150-436F-937A-206D06C778FD}"
EndProject
Project("{FAE04EC0-301F-11D3-BF4B-00C04F79EFBC}") = "PXin.ServerApp", "PXin.ServerApp\PXin.ServerApp.csproj", "{7121BE8F-34BC-4F15-B812-4609546885AA}"
EndProject
Project("{FAE04EC0-301F-11D3-BF4B-00C04F79EFBC}") = "PXin.ClientApp", "PXin.ClientApp\PXin.ClientApp.csproj", "{8B626760-7E46-42F0-88DA-9A2191847D11}"
EndProject
Project("{FAE04EC0-301F-11D3-BF4B-00C04F79EFBC}") = "PXin.WinService", "PXin.WinService\PXin.WinService.csproj", "{67D1C817-ECF1-4120-AB57-3010FF2D0342}"
EndProject
Project("{FAE04EC0-301F-11D3-BF4B-00C04F79EFBC}") = "Pxin.InternalServiceTCP.Facade", "..\..\Pxin.InternalService\Pxin.InternalService\Pxin.InternalServiceTCP.Facade\Pxin.InternalServiceTCP.Facade.csproj", "{347718FA-FE1C-4E58-924A-72E96E97FEC9}"
EndProject
Project("{FAE04EC0-301F-11D3-BF4B-00C04F79EFBC}") = "Pxin.InternalService.Protocal", "..\..\Pxin.InternalService\Pxin.InternalService\Pxin.InternalService.Protocal\Pxin.InternalService.Protocal.csproj", "{3DD0CAE8-9340-4C18-972E-AC573CE06084}"
EndProject
Project("{FAE04EC0-301F-11D3-BF4B-00C04F79EFBC}") = "PXin.SignalR", "PXin.SignalR\PXin.SignalR.csproj", "{D03D9E11-9EFD-4E1F-A2A0-BD2ED1B4586D}"
EndProject
Global
	GlobalSection(SolutionConfigurationPlatforms) = preSolution
		Debug|Any CPU = Debug|Any CPU
		Debug|x86 = Debug|x86
		Release|Any CPU = Release|Any CPU
		Release|x86 = Release|x86
	EndGlobalSection
	GlobalSection(ProjectConfigurationPlatforms) = postSolution
		{2A5EC8DB-B5B8-4E35-A9A1-6BD7CA7ABF65}.Debug|Any CPU.ActiveCfg = Debug|Any CPU
		{2A5EC8DB-B5B8-4E35-A9A1-6BD7CA7ABF65}.Debug|Any CPU.Build.0 = Debug|Any CPU
		{2A5EC8DB-B5B8-4E35-A9A1-6BD7CA7ABF65}.Debug|x86.ActiveCfg = Debug|Any CPU
		{2A5EC8DB-B5B8-4E35-A9A1-6BD7CA7ABF65}.Debug|x86.Build.0 = Debug|Any CPU
		{2A5EC8DB-B5B8-4E35-A9A1-6BD7CA7ABF65}.Release|Any CPU.ActiveCfg = Release|Any CPU
		{2A5EC8DB-B5B8-4E35-A9A1-6BD7CA7ABF65}.Release|Any CPU.Build.0 = Release|Any CPU
		{2A5EC8DB-B5B8-4E35-A9A1-6BD7CA7ABF65}.Release|x86.ActiveCfg = Release|Any CPU
		{2A5EC8DB-B5B8-4E35-A9A1-6BD7CA7ABF65}.Release|x86.Build.0 = Release|Any CPU
		{8A0AFBEF-4E60-427E-9852-305AF71DD598}.Debug|Any CPU.ActiveCfg = Debug|Any CPU
		{8A0AFBEF-4E60-427E-9852-305AF71DD598}.Debug|Any CPU.Build.0 = Debug|Any CPU
		{8A0AFBEF-4E60-427E-9852-305AF71DD598}.Debug|x86.ActiveCfg = Debug|Any CPU
		{8A0AFBEF-4E60-427E-9852-305AF71DD598}.Debug|x86.Build.0 = Debug|Any CPU
		{8A0AFBEF-4E60-427E-9852-305AF71DD598}.Release|Any CPU.ActiveCfg = Release|Any CPU
		{8A0AFBEF-4E60-427E-9852-305AF71DD598}.Release|Any CPU.Build.0 = Release|Any CPU
		{8A0AFBEF-4E60-427E-9852-305AF71DD598}.Release|x86.ActiveCfg = Release|Any CPU
		{8A0AFBEF-4E60-427E-9852-305AF71DD598}.Release|x86.Build.0 = Release|Any CPU
		{1AD43322-F3AC-4281-BAF9-995F911C8C31}.Debug|Any CPU.ActiveCfg = Debug|Any CPU
		{1AD43322-F3AC-4281-BAF9-995F911C8C31}.Debug|Any CPU.Build.0 = Debug|Any CPU
		{1AD43322-F3AC-4281-BAF9-995F911C8C31}.Debug|x86.ActiveCfg = Debug|Any CPU
		{1AD43322-F3AC-4281-BAF9-995F911C8C31}.Debug|x86.Build.0 = Debug|Any CPU
		{1AD43322-F3AC-4281-BAF9-995F911C8C31}.Release|Any CPU.ActiveCfg = Release|Any CPU
		{1AD43322-F3AC-4281-BAF9-995F911C8C31}.Release|Any CPU.Build.0 = Release|Any CPU
		{1AD43322-F3AC-4281-BAF9-995F911C8C31}.Release|x86.ActiveCfg = Release|Any CPU
		{1AD43322-F3AC-4281-BAF9-995F911C8C31}.Release|x86.Build.0 = Release|Any CPU
		{E9A5242E-1DA9-4B52-8299-E15F51D6ADFC}.Debug|Any CPU.ActiveCfg = Debug|Any CPU
		{E9A5242E-1DA9-4B52-8299-E15F51D6ADFC}.Debug|Any CPU.Build.0 = Debug|Any CPU
		{E9A5242E-1DA9-4B52-8299-E15F51D6ADFC}.Debug|x86.ActiveCfg = Debug|Any CPU
		{E9A5242E-1DA9-4B52-8299-E15F51D6ADFC}.Debug|x86.Build.0 = Debug|Any CPU
		{E9A5242E-1DA9-4B52-8299-E15F51D6ADFC}.Release|Any CPU.ActiveCfg = Release|Any CPU
		{E9A5242E-1DA9-4B52-8299-E15F51D6ADFC}.Release|Any CPU.Build.0 = Release|Any CPU
		{E9A5242E-1DA9-4B52-8299-E15F51D6ADFC}.Release|x86.ActiveCfg = Release|Any CPU
		{E9A5242E-1DA9-4B52-8299-E15F51D6ADFC}.Release|x86.Build.0 = Release|Any CPU
		{E3346BD5-F4EF-41BE-9EF5-6175D9845511}.Debug|Any CPU.ActiveCfg = Debug|Any CPU
		{E3346BD5-F4EF-41BE-9EF5-6175D9845511}.Debug|Any CPU.Build.0 = Debug|Any CPU
		{E3346BD5-F4EF-41BE-9EF5-6175D9845511}.Debug|x86.ActiveCfg = Debug|Any CPU
		{E3346BD5-F4EF-41BE-9EF5-6175D9845511}.Debug|x86.Build.0 = Debug|Any CPU
		{E3346BD5-F4EF-41BE-9EF5-6175D9845511}.Release|Any CPU.ActiveCfg = Release|Any CPU
		{E3346BD5-F4EF-41BE-9EF5-6175D9845511}.Release|Any CPU.Build.0 = Release|Any CPU
		{E3346BD5-F4EF-41BE-9EF5-6175D9845511}.Release|x86.ActiveCfg = Release|Any CPU
		{E3346BD5-F4EF-41BE-9EF5-6175D9845511}.Release|x86.Build.0 = Release|Any CPU
		{795AA888-4DC1-4FE8-B881-4BA1D4F8852C}.Debug|Any CPU.ActiveCfg = Debug|Any CPU
		{795AA888-4DC1-4FE8-B881-4BA1D4F8852C}.Debug|Any CPU.Build.0 = Debug|Any CPU
		{795AA888-4DC1-4FE8-B881-4BA1D4F8852C}.Debug|x86.ActiveCfg = Debug|Any CPU
		{795AA888-4DC1-4FE8-B881-4BA1D4F8852C}.Debug|x86.Build.0 = Debug|Any CPU
		{795AA888-4DC1-4FE8-B881-4BA1D4F8852C}.Release|Any CPU.ActiveCfg = Release|Any CPU
		{795AA888-4DC1-4FE8-B881-4BA1D4F8852C}.Release|Any CPU.Build.0 = Release|Any CPU
		{795AA888-4DC1-4FE8-B881-4BA1D4F8852C}.Release|x86.ActiveCfg = Release|Any CPU
		{795AA888-4DC1-4FE8-B881-4BA1D4F8852C}.Release|x86.Build.0 = Release|Any CPU
		{3F66AE4C-7A0B-4634-B087-616C98908836}.Debug|Any CPU.ActiveCfg = Debug|Any CPU
		{3F66AE4C-7A0B-4634-B087-616C98908836}.Debug|Any CPU.Build.0 = Debug|Any CPU
		{3F66AE4C-7A0B-4634-B087-616C98908836}.Debug|x86.ActiveCfg = Debug|Any CPU
		{3F66AE4C-7A0B-4634-B087-616C98908836}.Debug|x86.Build.0 = Debug|Any CPU
		{3F66AE4C-7A0B-4634-B087-616C98908836}.Release|Any CPU.ActiveCfg = Release|Any CPU
		{3F66AE4C-7A0B-4634-B087-616C98908836}.Release|Any CPU.Build.0 = Release|Any CPU
		{3F66AE4C-7A0B-4634-B087-616C98908836}.Release|x86.ActiveCfg = Release|Any CPU
		{3F66AE4C-7A0B-4634-B087-616C98908836}.Release|x86.Build.0 = Release|Any CPU
		{988823D2-A150-436F-937A-206D06C778FD}.Debug|Any CPU.ActiveCfg = Debug|Any CPU
		{988823D2-A150-436F-937A-206D06C778FD}.Debug|Any CPU.Build.0 = Debug|Any CPU
		{988823D2-A150-436F-937A-206D06C778FD}.Debug|x86.ActiveCfg = Debug|Any CPU
		{988823D2-A150-436F-937A-206D06C778FD}.Debug|x86.Build.0 = Debug|Any CPU
		{988823D2-A150-436F-937A-206D06C778FD}.Release|Any CPU.ActiveCfg = Release|Any CPU
		{988823D2-A150-436F-937A-206D06C778FD}.Release|Any CPU.Build.0 = Release|Any CPU
		{988823D2-A150-436F-937A-206D06C778FD}.Release|x86.ActiveCfg = Release|Any CPU
		{988823D2-A150-436F-937A-206D06C778FD}.Release|x86.Build.0 = Release|Any CPU
		{7121BE8F-34BC-4F15-B812-4609546885AA}.Debug|Any CPU.ActiveCfg = Debug|Any CPU
		{7121BE8F-34BC-4F15-B812-4609546885AA}.Debug|Any CPU.Build.0 = Debug|Any CPU
		{7121BE8F-34BC-4F15-B812-4609546885AA}.Debug|x86.ActiveCfg = Debug|x86
		{7121BE8F-34BC-4F15-B812-4609546885AA}.Debug|x86.Build.0 = Debug|x86
		{7121BE8F-34BC-4F15-B812-4609546885AA}.Release|Any CPU.ActiveCfg = Release|Any CPU
		{7121BE8F-34BC-4F15-B812-4609546885AA}.Release|Any CPU.Build.0 = Release|Any CPU
		{7121BE8F-34BC-4F15-B812-4609546885AA}.Release|x86.ActiveCfg = Release|x86
		{7121BE8F-34BC-4F15-B812-4609546885AA}.Release|x86.Build.0 = Release|x86
		{8B626760-7E46-42F0-88DA-9A2191847D11}.Debug|Any CPU.ActiveCfg = Debug|x86
		{8B626760-7E46-42F0-88DA-9A2191847D11}.Debug|x86.ActiveCfg = Debug|x86
		{8B626760-7E46-42F0-88DA-9A2191847D11}.Debug|x86.Build.0 = Debug|x86
		{8B626760-7E46-42F0-88DA-9A2191847D11}.Release|Any CPU.ActiveCfg = Release|x86
		{8B626760-7E46-42F0-88DA-9A2191847D11}.Release|x86.ActiveCfg = Release|x86
		{8B626760-7E46-42F0-88DA-9A2191847D11}.Release|x86.Build.0 = Release|x86
		{67D1C817-ECF1-4120-AB57-3010FF2D0342}.Debug|Any CPU.ActiveCfg = Debug|x86
		{67D1C817-ECF1-4120-AB57-3010FF2D0342}.Debug|x86.ActiveCfg = Debug|x86
		{67D1C817-ECF1-4120-AB57-3010FF2D0342}.Debug|x86.Build.0 = Debug|x86
		{67D1C817-ECF1-4120-AB57-3010FF2D0342}.Release|Any CPU.ActiveCfg = Release|x86
		{67D1C817-ECF1-4120-AB57-3010FF2D0342}.Release|x86.ActiveCfg = Release|x86
		{67D1C817-ECF1-4120-AB57-3010FF2D0342}.Release|x86.Build.0 = Release|x86
		{347718FA-FE1C-4E58-924A-72E96E97FEC9}.Debug|Any CPU.ActiveCfg = Debug|Any CPU
		{347718FA-FE1C-4E58-924A-72E96E97FEC9}.Debug|Any CPU.Build.0 = Debug|Any CPU
		{347718FA-FE1C-4E58-924A-72E96E97FEC9}.Debug|x86.ActiveCfg = Debug|Any CPU
		{347718FA-FE1C-4E58-924A-72E96E97FEC9}.Debug|x86.Build.0 = Debug|Any CPU
		{347718FA-FE1C-4E58-924A-72E96E97FEC9}.Release|Any CPU.ActiveCfg = Release|Any CPU
		{347718FA-FE1C-4E58-924A-72E96E97FEC9}.Release|Any CPU.Build.0 = Release|Any CPU
		{347718FA-FE1C-4E58-924A-72E96E97FEC9}.Release|x86.ActiveCfg = Release|Any CPU
		{347718FA-FE1C-4E58-924A-72E96E97FEC9}.Release|x86.Build.0 = Release|Any CPU
		{3DD0CAE8-9340-4C18-972E-AC573CE06084}.Debug|Any CPU.ActiveCfg = Debug|Any CPU
		{3DD0CAE8-9340-4C18-972E-AC573CE06084}.Debug|Any CPU.Build.0 = Debug|Any CPU
		{3DD0CAE8-9340-4C18-972E-AC573CE06084}.Debug|x86.ActiveCfg = Debug|Any CPU
		{3DD0CAE8-9340-4C18-972E-AC573CE06084}.Debug|x86.Build.0 = Debug|Any CPU
		{3DD0CAE8-9340-4C18-972E-AC573CE06084}.Release|Any CPU.ActiveCfg = Release|Any CPU
		{3DD0CAE8-9340-4C18-972E-AC573CE06084}.Release|Any CPU.Build.0 = Release|Any CPU
		{3DD0CAE8-9340-4C18-972E-AC573CE06084}.Release|x86.ActiveCfg = Release|Any CPU
		{3DD0CAE8-9340-4C18-972E-AC573CE06084}.Release|x86.Build.0 = Release|Any CPU
		{D03D9E11-9EFD-4E1F-A2A0-BD2ED1B4586D}.Debug|Any CPU.ActiveCfg = Debug|Any CPU
		{D03D9E11-9EFD-4E1F-A2A0-BD2ED1B4586D}.Debug|Any CPU.Build.0 = Debug|Any CPU
		{D03D9E11-9EFD-4E1F-A2A0-BD2ED1B4586D}.Debug|x86.ActiveCfg = Debug|Any CPU
		{D03D9E11-9EFD-4E1F-A2A0-BD2ED1B4586D}.Debug|x86.Build.0 = Debug|Any CPU
		{D03D9E11-9EFD-4E1F-A2A0-BD2ED1B4586D}.Release|Any CPU.ActiveCfg = Release|Any CPU
		{D03D9E11-9EFD-4E1F-A2A0-BD2ED1B4586D}.Release|Any CPU.Build.0 = Release|Any CPU
		{D03D9E11-9EFD-4E1F-A2A0-BD2ED1B4586D}.Release|x86.ActiveCfg = Release|Any CPU
		{D03D9E11-9EFD-4E1F-A2A0-BD2ED1B4586D}.Release|x86.Build.0 = Release|Any CPU
	EndGlobalSection
	GlobalSection(SolutionProperties) = preSolution
		HideSolutionNode = FALSE
	EndGlobalSection
	GlobalSection(NestedProjects) = preSolution
		{3F66AE4C-7A0B-4634-B087-616C98908836} = {348A4512-E5AB-4D48-BA62-1827A090CAD2}
		{988823D2-A150-436F-937A-206D06C778FD} = {348A4512-E5AB-4D48-BA62-1827A090CAD2}
		{7121BE8F-34BC-4F15-B812-4609546885AA} = {348A4512-E5AB-4D48-BA62-1827A090CAD2}
		{8B626760-7E46-42F0-88DA-9A2191847D11} = {348A4512-E5AB-4D48-BA62-1827A090CAD2}
		{67D1C817-ECF1-4120-AB57-3010FF2D0342} = {348A4512-E5AB-4D48-BA62-1827A090CAD2}
	EndGlobalSection
	GlobalSection(ExtensibilityGlobals) = postSolution
		SolutionGuid = {3836D7E6-9A8B-48BA-8B42-853ED8895FDE}
	EndGlobalSection
EndGlobal
